
Microsoft Visual Studio Solution File, Format Version 12.00
# Visual Studio 15
VisualStudioVersion = 15.0.28307.168
MinimumVisualStudioVersion = 10.0.40219.1
Project("{9A19103F-16F7-4668-BE54-9A1E7A4F7556}") = "LinkedListProblems", "DSACore\LinkedListProblems.csproj", "{AD10CB8E-01E1-4AC8-9A9F-5DDA1843CD66}"
EndProject
Project("{FAE04EC0-301F-11D3-BF4B-00C04F79EFBC}") = "TreeDemo", "TreeDemo\TreeDemo.csproj", "{EDF12F75-615A-4B02-84AF-044A4867BB03}"
EndProject
Global
	GlobalSection(SolutionConfigurationPlatforms) = preSolution
		Debug|Any CPU = Debug|Any CPU
		Release|Any CPU = Release|Any CPU
	EndGlobalSection
	GlobalSection(ProjectConfigurationPlatforms) = postSolution
		{AD10CB8E-01E1-4AC8-9A9F-5DDA1843CD66}.Debug|Any CPU.ActiveCfg = Debug|Any CPU
		{AD10CB8E-01E1-4AC8-9A9F-5DDA1843CD66}.Debug|Any CPU.Build.0 = Debug|Any CPU
		{AD10CB8E-01E1-4AC8-9A9F-5DDA1843CD66}.Release|Any CPU.ActiveCfg = Release|Any CPU
		{AD10CB8E-01E1-4AC8-9A9F-5DDA1843CD66}.Release|Any CPU.Build.0 = Release|Any CPU
		{EDF12F75-615A-4B02-84AF-044A4867BB03}.Debug|Any CPU.ActiveCfg = Debug|Any CPU
		{EDF12F75-615A-4B02-84AF-044A4867BB03}.Debug|Any CPU.Build.0 = Debug|Any CPU
		{EDF12F75-615A-4B02-84AF-044A4867BB03}.Release|Any CPU.ActiveCfg = Release|Any CPU
		{EDF12F75-615A-4B02-84AF-044A4867BB03}.Release|Any CPU.Build.0 = Release|Any CPU
	EndGlobalSection
	GlobalSection(SolutionProperties) = preSolution
		HideSolutionNode = FALSE
	EndGlobalSection
	GlobalSection(ExtensibilityGlobals) = postSolution
		SolutionGuid = {CD4020A0-C9AA-4757-B6D7-461F6DD800D3}
	EndGlobalSection
EndGlobal
